
Microsoft Visual Studio Solution File, Format Version 12.00
# Visual Studio Version 17
VisualStudioVersion = 17.10.35027.167
MinimumVisualStudioVersion = 10.0.40219.1
Project("{FAE04EC0-301F-11D3-BF4B-00C04F79EFBC}") = "AssistManager", "AssistManager\AssistManager.csproj", "{DB88C9FC-2599-4D71-BDEC-22060DAA8029}"
EndProject
Global
	GlobalSection(SolutionConfigurationPlatforms) = preSolution
		Debug|Any CPU = Debug|Any CPU
		Release|Any CPU = Release|Any CPU
	EndGlobalSection
	GlobalSection(ProjectConfigurationPlatforms) = postSolution
		{DB88C9FC-2599-4D71-BDEC-22060DAA8029}.Debug|Any CPU.ActiveCfg = Debug|Any CPU
		{DB88C9FC-2599-4D71-BDEC-22060DAA8029}.Debug|Any CPU.Build.0 = Debug|Any CPU
		{DB88C9FC-2599-4D71-BDEC-22060DAA8029}.Release|Any CPU.ActiveCfg = Release|Any CPU
		{DB88C9FC-2599-4D71-BDEC-22060DAA8029}.Release|Any CPU.Build.0 = Release|Any CPU
	EndGlobalSection
	GlobalSection(SolutionProperties) = preSolution
		HideSolutionNode = FALSE
	EndGlobalSection
	GlobalSection(ExtensibilityGlobals) = postSolution
		SolutionGuid = {8A7271BD-CB5D-40DD-B2FD-81095CDEAFF1}
	EndGlobalSection
EndGlobal
